dependencies:
- name: partials
  repository: file://../partials
  version: 0.1.1
- name: prometheus
  repository: file://../add-ons/prometheus
  version: 0.1.1
- name: grafana
  repository: file://../add-ons/grafana
  version: 0.1.1
- name: tracing
  repository: file://../add-ons/tracing
  version: 0.1.1
digest: sha256:d2f19338b64c5ca77112dd11e116662c962877cff8e47386f57fe6c87991c63f
generated: "2020-10-21T14:33:53.669277-04:00"
